
Microsoft Visual Studio Solution File, Format Version 12.00
# Visual Studio Version 16
VisualStudioVersion = 16.0.29613.14
MinimumVisualStudioVersion = 10.0.40219.1
Project("{FAE04EC0-301F-11D3-BF4B-00C04F79EFBC}") = "BaiTap1", "BaiTap1\BaiTap1.csproj", "{88D9E02D-5368-4AC7-BB0B-6010E3E137AB}"
EndProject
Global
	GlobalSection(SolutionConfigurationPlatforms) = preSolution
		Debug|Any CPU = Debug|Any CPU
		Release|Any CPU = Release|Any CPU
	EndGlobalSection
	GlobalSection(ProjectConfigurationPlatforms) = postSolution
		{88D9E02D-5368-4AC7-BB0B-6010E3E137AB}.Debug|Any CPU.ActiveCfg = Debug|Any CPU
		{88D9E02D-5368-4AC7-BB0B-6010E3E137AB}.Debug|Any CPU.Build.0 = Debug|Any CPU
		{88D9E02D-5368-4AC7-BB0B-6010E3E137AB}.Release|Any CPU.ActiveCfg = Release|Any CPU
		{88D9E02D-5368-4AC7-BB0B-6010E3E137AB}.Release|Any CPU.Build.0 = Release|Any CPU
	EndGlobalSection
	GlobalSection(SolutionProperties) = preSolution
		HideSolutionNode = FALSE
	EndGlobalSection
	GlobalSection(ExtensibilityGlobals) = postSolution
		SolutionGuid = {448EDCB2-A2D6-4CF3-8D8B-BF2A49AD68EA}
	EndGlobalSection
EndGlobal
